
Microsoft Visual Studio Solution File, Format Version 12.00
# Visual Studio Version 16
VisualStudioVersion = 16.0.31129.286
MinimumVisualStudioVersion = 10.0.40219.1
Project("{8BC9CEB8-8B4A-11D0-8D11-00A0C91BC942}") = "TaskReadersWriters", "TaskReadersWriters\TaskReadersWriters.vcxproj", "{BCFC039E-F9A1-44F1-8022-F7916949ADCE}"
EndProject
Global
	GlobalSection(SolutionConfigurationPlatforms) = preSolution
		Debug|x64 = Debug|x64
		Debug|x86 = Debug|x86
		Release|x64 = Release|x64
		Release|x86 = Release|x86
	EndGlobalSection
	GlobalSection(ProjectConfigurationPlatforms) = postSolution
		{BCFC039E-F9A1-44F1-8022-F7916949ADCE}.Debug|x64.ActiveCfg = Debug|x64
		{BCFC039E-F9A1-44F1-8022-F7916949ADCE}.Debug|x64.Build.0 = Debug|x64
		{BCFC039E-F9A1-44F1-8022-F7916949ADCE}.Debug|x86.ActiveCfg = Debug|Win32
		{BCFC039E-F9A1-44F1-8022-F7916949ADCE}.Debug|x86.Build.0 = Debug|Win32
		{BCFC039E-F9A1-44F1-8022-F7916949ADCE}.Release|x64.ActiveCfg = Release|x64
		{BCFC039E-F9A1-44F1-8022-F7916949ADCE}.Release|x64.Build.0 = Release|x64
		{BCFC039E-F9A1-44F1-8022-F7916949ADCE}.Release|x86.ActiveCfg = Release|Win32
		{BCFC039E-F9A1-44F1-8022-F7916949ADCE}.Release|x86.Build.0 = Release|Win32
	EndGlobalSection
	GlobalSection(SolutionProperties) = preSolution
		HideSolutionNode = FALSE
	EndGlobalSection
	GlobalSection(ExtensibilityGlobals) = postSolution
		SolutionGuid = {77325869-5F71-4BE4-A989-5C58AB3D3E21}
	EndGlobalSection
EndGlobal
